
Microsoft Visual Studio Solution File, Format Version 12.00
# Visual Studio Version 17
VisualStudioVersion = 17.11.35219.272
MinimumVisualStudioVersion = 10.0.40219.1
Project("{FAE04EC0-301F-11D3-BF4B-00C04F79EFBC}") = "DAW_Restanta", "DAW_Restanta.csproj", "{B771BE1E-4C8A-46E2-B1DF-0A6BAB23B872}"
EndProject
Global
	GlobalSection(SolutionConfigurationPlatforms) = preSolution
		Debug|Any CPU = Debug|Any CPU
		Release|Any CPU = Release|Any CPU
	EndGlobalSection
	GlobalSection(ProjectConfigurationPlatforms) = postSolution
		{B771BE1E-4C8A-46E2-B1DF-0A6BAB23B872}.Debug|Any CPU.ActiveCfg = Debug|Any CPU
		{B771BE1E-4C8A-46E2-B1DF-0A6BAB23B872}.Debug|Any CPU.Build.0 = Debug|Any CPU
		{B771BE1E-4C8A-46E2-B1DF-0A6BAB23B872}.Release|Any CPU.ActiveCfg = Release|Any CPU
		{B771BE1E-4C8A-46E2-B1DF-0A6BAB23B872}.Release|Any CPU.Build.0 = Release|Any CPU
	EndGlobalSection
	GlobalSection(SolutionProperties) = preSolution
		HideSolutionNode = FALSE
	EndGlobalSection
	GlobalSection(ExtensibilityGlobals) = postSolution
		SolutionGuid = {B33AB448-E181-43BC-B47B-ED1BAB751256}
	EndGlobalSection
EndGlobal
